// !$*UTF8*$!
{
	archiveVersion = 1;
	classes = {
	};
	objectVersion = 46;
	objects = {

/* Begin PBXBuildFile section */
		39D183501F7D481E00B01DEC /* AppDelegate.swift in Sources */ = {isa = PBXBuildFile; fileRef = 39D1834F1F7D481E00B01DEC /* AppDelegate.swift */; };
		39D183521F7D481E00B01DEC /* ViewController.swift in Sources */ = {isa = PBXBuildFile; fileRef = 39D183511F7D481E00B01DEC /* ViewController.swift */; };
		39D183551F7D481E00B01DEC /* Main.storyboard in Resources */ = {isa = PBXBuildFile; fileRef = 39D183531F7D481E00B01DEC /* Main.storyboard */; };
		39D183571F7D481E00B01DEC /* Assets.xcassets in Resources */ = {isa = PBXBuildFile; fileRef = 39D183561F7D481E00B01DEC /* Assets.xcassets */; };
		39D1835A1F7D481E00B01DEC /* LaunchScreen.storyboard in Resources */ = {isa = PBXBuildFile; fileRef = 39D183581F7D481E00B01DEC /* LaunchScreen.storyboard */; };
/* End PBXBuildFile section */

/* Begin PBXFileReference section */
		39D1834C1F7D481E00B01DEC /* stackfieldexample.app */ = {isa = PBXFileReference; explicitFileType = wrapper.application; includeInIndex = 0; path = stackfieldexample.app; sourceTree = BUILT_PRODUCTS_DIR; };
		39D1834F1F7D481E00B01DEC /* AppDelegate.swift */ = {isa = PBXFileReference; lastKnownFileType = sourcecode.swift; path = AppDelegate.swift; sourceTree = "<group>"; };
		39D183511F7D481E00B01DEC /* ViewController.swift */ = {isa = PBXFileReference; lastKnownFileType = sourcecode.swift; path = ViewController.swift; sourceTree = "<group>"; };
		39D183541F7D481E00B01DEC /* Base */ = {isa = PBXFileReference; lastKnownFileType = file.storyboard; name = Base; path = Base.lproj/Main.storyboard; sourceTree = "<group>"; };
		39D183561F7D481E00B01DEC /* Assets.xcassets */ = {isa = PBXFileReference; lastKnownFileType = folder.assetcatalog; path = Assets.xcassets; sourceTree = "<group>"; };
		39D183591F7D481E00B01DEC /* Base */ = {isa = PBXFileReference; lastKnownFileType = file.storyboard; name = Base; path = Base.lproj/LaunchScreen.storyboard; sourceTree = "<group>"; };
		39D1835B1F7D481E00B01DEC /* Info.plist */ = {isa = PBXFileReference; lastKnownFileType = text.plist.xml; path = Info.plist; sourceTree = "<group>"; };
/* End PBXFileReference section */

/* Begin PBXFrameworksBuildPhase section */
		39D183491F7D481E00B01DEC /* Frameworks */ = {
			isa = PBXFrameworksBuildPhase;
			buildActionMask = 2147483647;
			files = (
			);
			runOnlyForDeploymentPostprocessing = 0;
		};
/* End PBXFrameworksBuildPhase section */

/* Begin PBXGroup section */
		39D183431F7D481E00B01DEC = {
			isa = PBXGroup;
			children = (
				39D1834E1F7D481E00B01DEC /* stackfieldexample */,
				39D1834D1F7D481E00B01DEC /* Products */,
			);
			sourceTree = "<group>";
		};
		39D1834D1F7D481E00B01DEC /* Products */ = {
			isa = PBXGroup;
			children = (
				39D1834C1F7D481E00B01DEC /* stackfieldexample.app */,
			);
			name = Products;
			sourceTree = "<group>";
		};
		39D1834E1F7D481E00B01DEC /* stackfieldexample */ = {
			isa = PBXGroup;
			children = (
				39D1834F1F7D481E00B01DEC /* AppDelegate.swift */,
				39D183511F7D481E00B01DEC /* ViewController.swift */,
				39D183531F7D481E00B01DEC /* Main.storyboard */,
				39D183561F7D481E00B01DEC /* Assets.xcassets */,
				39D183581F7D481E00B01DEC /* LaunchScreen.storyboard */,
				39D1835B1F7D481E00B01DEC /* Info.plist */,
			);
			path = stackfieldexample;
			sourceTree = "<group>";
		};
/* End PBXGroup section */

/* Begin PBXNativeTarget section */
		39D1834B1F7D481E00B01DEC /* stackfieldexample */ = {
			isa = PBXNativeTarget;
			buildConfigurationList = 39D1835E1F7D481E00B01DEC /* Build configuration list for PBXNativeTarget "stackfieldexample" */;
			buildPhases = (
				39D183481F7D481E00B01DEC /* Sources */,
				39D183491F7D481E00B01DEC /* Frameworks */,
				39D1834A1F7D481E00B01DEC /* Resources */,
			);
			buildRules = (
			);
			dependencies = (
			);
			name = stackfieldexample;
			productName = stackfieldexample;
			productReference = 39D1834C1F7D481E00B01DEC /* stackfieldexample.app */;
			productType = "com.apple.product-type.application";
		};
/* End PBXNativeTarget section */

/* Begin PBXProject section */
		39D183441F7D481E00B01DEC /* Project object */ = {
			isa = PBXProject;
			attributes = {
				LastSwiftUpdateCheck = 0830;
				LastUpgradeCheck = 0830;
				ORGANIZATIONNAME = ShoShoCodes;
				TargetAttributes = {
					39D1834B1F7D481E00B01DEC = {
						CreatedOnToolsVersion = 8.3.3;
						ProvisioningStyle = Automatic;
					};
				};
			};
			buildConfigurationList = 39D183471F7D481E00B01DEC /* Build configuration list for PBXProject "stackfieldexample" */;
			compatibilityVersion = "Xcode 3.2";
			developmentRegion = English;
			hasScannedForEncodings = 0;
			knownRegions = (
				en,
				Base,
			);
			mainGroup = 39D183431F7D481E00B01DEC;
			productRefGroup = 39D1834D1F7D481E00B01DEC /* Products */;
			projectDirPath = "";
			projectRoot = "";
			targets = (
				39D1834B1F7D481E00B01DEC /* stackfieldexample */,
			);
		};
/* End PBXProject section */

/* Begin PBXResourcesBuildPhase section */
		39D1834A1F7D481E00B01DEC /* Resources */ = {
			isa = PBXResourcesBuildPhase;
			buildActionMask = 2147483647;
			files = (
				39D1835A1F7D481E00B01DEC /* LaunchScreen.storyboard in Resources */,
				39D183571F7D481E00B01DEC /* Assets.xcassets in Resources */,
				39D183551F7D481E00B01DEC /* Main.storyboard in Resources */,
			);
			runOnlyForDeploymentPostprocessing = 0;
		};
/* End PBXResourcesBuildPhase section */

/* Begin PBXSourcesBuildPhase section */
		39D183481F7D481E00B01DEC /* Sources */ = {
			isa = PBXSourcesBuildPhase;
			buildActionMask = 2147483647;
			files = (
				39D183521F7D481E00B01DEC /* ViewController.swift in Sources */,
				39D183501F7D481E00B01DEC /* AppDelegate.swift in Sources */,
			);
			runOnlyForDeploymentPostprocessing = 0;
		};
/* End PBXSourcesBuildPhase section */

/* Begin PBXVariantGroup section */
		39D183531F7D481E00B01DEC /* Main.storyboard */ = {
			isa = PBXVariantGroup;
			children = (
				39D183541F7D481E00B01DEC /* Base */,
			);
			name = Main.storyboard;
			sourceTree = "<group>";
		};
		39D183581F7D481E00B01DEC /* LaunchScreen.storyboard */ = {
			isa = PBXVariantGroup;
			children = (
				39D183591F7D481E00B01DEC /* Base */,
			);
			name = LaunchScreen.storyboard;
			sourceTree = "<group>";
		};
/* End PBXVariantGroup section */

/* Begin XCBuildConfiguration section */
		39D1835C1F7D481E00B01DEC /* Debug */ = {
			isa = XCBuildConfiguration;
			buildSettings = {
				ALWAYS_SEARCH_USER_PATHS = NO;
				CLANG_ANALYZER_NONNULL = YES;
				CLANG_ANALYZER_NUMBER_OBJECT_CONVERSION = YES_AGGRESSIVE;
				CLANG_CXX_LANGUAGE_STANDARD = "gnu++0x";
				CLANG_CXX_LIBRARY = "libc++";
				CLANG_ENABLE_MODULES = YES;
				CLANG_ENABLE_OBJC_ARC = YES;
				CLANG_WARN_BOOL_CONVERSION = YES;
				CLANG_WARN_CONSTANT_CONVERSION = YES;
				CLANG_WARN_DIRECT_OBJC_ISA_USAGE = YES_ERROR;
				CLANG_WARN_DOCUMENTATION_COMMENTS = YES;
				CLANG_WARN_EMPTY_BODY = YES;
				CLANG_WARN_ENUM_CONVERSION = YES;
				CLANG_WARN_INFINITE_RECURSION = YES;
				CLANG_WARN_INT_CONVERSION = YES;
				CLANG_WARN_OBJC_ROOT_CLASS = YES_ERROR;
				CLANG_WARN_SUSPICIOUS_MOVE = YES;
				CLANG_WARN_UNREACHABLE_CODE = YES;
				CLANG_WARN__DUPLICATE_METHOD_MATCH = YES;
				"CODE_SIGN_IDENTITY[sdk=iphoneos*]" = "iPhone Developer";
				COPY_PHASE_STRIP = NO;
				DEBUG_INFORMATION_FORMAT = dwarf;
				ENABLE_STRICT_OBJC_MSGSEND = YES;
				ENABLE_TESTABILITY = YES;
				GCC_C_LANGUAGE_STANDARD = gnu99;
				GCC_DYNAMIC_NO_PIC = NO;
				GCC_NO_COMMON_BLOCKS = YES;
				GCC_OPTIMIZATION_LEVEL = 0;
				GCC_PREPROCESSOR_DEFINITIONS = (
					"DEBUG=1",
					"$(inherited)",
				);
				GCC_WARN_64_TO_32_BIT_CONVERSION = YES;
				GCC_WARN_ABOUT_RETURN_TYPE = YES_ERROR;
				GCC_WARN_UNDECLARED_SELECTOR = YES;
				GCC_WARN_UNINITIALIZED_AUTOS = YES_AGGRESSIVE;
				GCC_WARN_UNUSED_FUNCTION = YES;
				GCC_WARN_UNUSED_VARIABLE = YES;
				IPHONEOS_DEPLOYMENT_TARGET = 10.3;
				MTL_ENABLE_DEBUG_INFO = YES;
				ONLY_ACTIVE_ARCH = YES;
				SDKROOT = iphoneos;
				SWIFT_ACTIVE_COMPILATION_CONDITIONS = DEBUG;
				SWIFT_OPTIMIZATION_LEVEL = "-Onone";
			};
			name = Debug;
		};
		39D1835D1F7D481E00B01DEC /* Release */ = {
			isa = XCBuildConfiguration;
			buildSettings = {
				ALWAYS_SEARCH_USER_PATHS = NO;
				CLANG_ANALYZER_NONNULL = YES;
				CLANG_ANALYZER_NUMBER_OBJECT_CONVERSION = YES_AGGRESSIVE;
				CLANG_CXX_LANGUAGE_STANDARD = "gnu++0x";
				CLANG_CXX_LIBRARY = "libc++";
				CLANG_ENABLE_MODULES = YES;
				CLANG_ENABLE_OBJC_ARC = YES;
				CLANG_WARN_BOOL_CONVERSION = YES;
				CLANG_WARN_CONSTANT_CONVERSION = YES;
				CLANG_WARN_DIRECT_OBJC_ISA_USAGE = YES_ERROR;
				CLANG_WARN_DOCUMENTATION_COMMENTS = YES;
				CLANG_WARN_EMPTY_BODY = YES;
				CLANG_WARN_ENUM_CONVERSION = YES;
				CLANG_WARN_INFINITE_RECURSION = YES;
				CLANG_WARN_INT_CONVERSION = YES;
				CLANG_WARN_OBJC_ROOT_CLASS = YES_ERROR;
				CLANG_WARN_SUSPICIOUS_MOVE = YES;
				CLANG_WARN_UNREACHABLE_CODE = YES;
				CLANG_WARN__DUPLICATE_METHOD_MATCH = YES;
				"CODE_SIGN_IDENTITY[sdk=iphoneos*]" = "iPhone Developer";
				COPY_PHASE_STRIP = NO;
				DEBUG_INFORMATION_FORMAT = "dwarf-with-dsym";
				ENABLE_NS_ASSERTIONS = NO;
				ENABLE_STRICT_OBJC_MSGSEND = YES;
				GCC_C_LANGUAGE_STANDARD = gnu99;
				GCC_NO_COMMON_BLOCKS = YES;
				GCC_WARN_64_TO_32_BIT_CONVERSION = YES;
				GCC_WARN_ABOUT_RETURN_TYPE = YES_ERROR;
				GCC_WARN_UNDECLARED_SELECTOR = YES;
				GCC_WARN_UNINITIALIZED_AUTOS = YES_AGGRESSIVE;
				GCC_WARN_UNUSED_FUNCTION = YES;
				GCC_WARN_UNUSED_VARIABLE = YES;
				IPHONEOS_DEPLOYMENT_TARGET = 10.3;
				MTL_ENABLE_DEBUG_INFO = NO;
				SDKROOT = iphoneos;
				SWIFT_OPTIMIZATION_LEVEL = "-Owholemodule";
				VALIDATE_PRODUCT = YES;
			};
			name = Release;
		};
		39D1835F1F7D481E00B01DEC /* Debug */ = {
			isa = XCBuildConfiguration;
			buildSettings = {
				ASSETCATALOG_COMPILER_APPICON_NAME = AppIcon;
				INFOPLIST_FILE = stackfieldexample/Info.plist;
				LD_RUNPATH_SEARCH_PATHS = "$(inherited) @executable_path/Frameworks";
				PRODUCT_BUNDLE_IDENTIFIER = ShoSho.stackfieldexample;
				PRODUCT_NAME = "$(TARGET_NAME)";
				SWIFT_VERSION = 3.0;
			};
			name = Debug;
		};
		39D183601F7D481E00B01DEC /* Release */ = {
			isa = XCBuildConfiguration;
			buildSettings = {
				ASSETCATALOG_COMPILER_APPICON_NAME = AppIcon;
				INFOPLIST_FILE = stackfieldexample/Info.plist;
				LD_RUNPATH_SEARCH_PATHS = "$(inherited) @executable_path/Frameworks";
				PRODUCT_BUNDLE_IDENTIFIER = ShoSho.stackfieldexample;
				PRODUCT_NAME = "$(TARGET_NAME)";
				SWIFT_VERSION = 3.0;
			};
			name = Release;
		};
/* End XCBuildConfiguration section */

/* Begin XCConfigurationList section */
		39D183471F7D481E00B01DEC /* Build configuration list for PBXProject "stackfieldexample" */ = {
			isa = XCConfigurationList;
			buildConfigurations = (
				39D1835C1F7D481E00B01DEC /* Debug */,
				39D1835D1F7D481E00B01DEC /* Release */,
			);
			defaultConfigurationIsVisible = 0;
			defaultConfigurationName = Release;
		};
		39D1835E1F7D481E00B01DEC /* Build configuration list for PBXNativeTarget "stackfieldexample" */ = {
			isa = XCConfigurationList;
			buildConfigurations = (
				39D1835F1F7D481E00B01DEC /* Debug */,
				39D183601F7D481E00B01DEC /* Release */,
			);
			defaultConfigurationIsVisible = 0;
		};
/* End XCConfigurationList section */
	};
	rootObject = 39D183441F7D481E00B01DEC /* Project object */;
}
